
Microsoft Visual Studio Solution File, Format Version 12.00
# Visual Studio Version 16
VisualStudioVersion = 16.0.30621.155
MinimumVisualStudioVersion = 10.0.40219.1
Project("{FAE04EC0-301F-11D3-BF4B-00C04F79EFBC}") = "Lab1", "Lab1.csproj", "{9C86438B-6A6F-4791-AC23-D56217E3CF19}"
EndProject
Global
	GlobalSection(SolutionConfigurationPlatforms) = preSolution
		Debug|Any CPU = Debug|Any CPU
		Release|Any CPU = Release|Any CPU
	EndGlobalSection
	GlobalSection(ProjectConfigurationPlatforms) = postSolution
		{9C86438B-6A6F-4791-AC23-D56217E3CF19}.Debug|Any CPU.ActiveCfg = Debug|Any CPU
		{9C86438B-6A6F-4791-AC23-D56217E3CF19}.Debug|Any CPU.Build.0 = Debug|Any CPU
		{9C86438B-6A6F-4791-AC23-D56217E3CF19}.Release|Any CPU.ActiveCfg = Release|Any CPU
		{9C86438B-6A6F-4791-AC23-D56217E3CF19}.Release|Any CPU.Build.0 = Release|Any CPU
	EndGlobalSection
	GlobalSection(SolutionProperties) = preSolution
		HideSolutionNode = FALSE
	EndGlobalSection
	GlobalSection(ExtensibilityGlobals) = postSolution
		SolutionGuid = {CB344754-E8D4-416E-82BB-4976904FFB1E}
	EndGlobalSection
EndGlobal
